
Microsoft Visual Studio Solution File, Format Version 12.00
# Visual Studio 14
VisualStudioVersion = 14.0.25420.1
MinimumVisualStudioVersion = 10.0.40219.1
Project("{FAE04EC0-301F-11D3-BF4B-00C04F79EFBC}") = "ShowMyWeather", "ShowMyWeather\ShowMyWeather.csproj", "{6DFB2B8E-F3E3-4F8C-92C9-0C1E1132A762}"
EndProject
Project("{2150E333-8FDC-42A3-9474-1A3956D46DE8}") = "Library", "Library", "{B4A499C9-C001-49E1-ADE1-375B5948EC94}"
EndProject
Project("{FAE04EC0-301F-11D3-BF4B-00C04F79EFBC}") = "Weather.Modle", "Weather.Modle\Weather.Modle.csproj", "{3AAD7EE2-9A9F-40A7-827E-5A66D35D6BB2}"
EndProject
Project("{FAE04EC0-301F-11D3-BF4B-00C04F79EFBC}") = "Weather.Service", "Weather.Service\Weather.Service.csproj", "{1A4EEE1F-24D7-4B80-9A0F-B57D11B6FF2F}"
EndProject
Project("{FAE04EC0-301F-11D3-BF4B-00C04F79EFBC}") = "Weaher.Data", "Weaher.Data\Weaher.Data.csproj", "{B47A397A-A82B-4458-A5EF-B0BB97C4FE7B}"
EndProject
Project("{FAE04EC0-301F-11D3-BF4B-00C04F79EFBC}") = "Weather.Core", "Weather.Core\Weather.Core.csproj", "{AC49E91A-F1E9-49C5-B023-22FA22C3CA80}"
EndProject
Global
	GlobalSection(SolutionConfigurationPlatforms) = preSolution
		Debug|Any CPU = Debug|Any CPU
		Debug|ARM = Debug|ARM
		Debug|x64 = Debug|x64
		Debug|x86 = Debug|x86
		Release|Any CPU = Release|Any CPU
		Release|ARM = Release|ARM
		Release|x64 = Release|x64
		Release|x86 = Release|x86
	EndGlobalSection
	GlobalSection(ProjectConfigurationPlatforms) = postSolution
		{6DFB2B8E-F3E3-4F8C-92C9-0C1E1132A762}.Debug|Any CPU.ActiveCfg = Debug|x86
		{6DFB2B8E-F3E3-4F8C-92C9-0C1E1132A762}.Debug|ARM.ActiveCfg = Debug|ARM
		{6DFB2B8E-F3E3-4F8C-92C9-0C1E1132A762}.Debug|ARM.Build.0 = Debug|ARM
		{6DFB2B8E-F3E3-4F8C-92C9-0C1E1132A762}.Debug|ARM.Deploy.0 = Debug|ARM
		{6DFB2B8E-F3E3-4F8C-92C9-0C1E1132A762}.Debug|x64.ActiveCfg = Debug|x64
		{6DFB2B8E-F3E3-4F8C-92C9-0C1E1132A762}.Debug|x64.Build.0 = Debug|x64
		{6DFB2B8E-F3E3-4F8C-92C9-0C1E1132A762}.Debug|x64.Deploy.0 = Debug|x64
		{6DFB2B8E-F3E3-4F8C-92C9-0C1E1132A762}.Debug|x86.ActiveCfg = Debug|x86
		{6DFB2B8E-F3E3-4F8C-92C9-0C1E1132A762}.Debug|x86.Build.0 = Debug|x86
		{6DFB2B8E-F3E3-4F8C-92C9-0C1E1132A762}.Debug|x86.Deploy.0 = Debug|x86
		{6DFB2B8E-F3E3-4F8C-92C9-0C1E1132A762}.Release|Any CPU.ActiveCfg = Release|x86
		{6DFB2B8E-F3E3-4F8C-92C9-0C1E1132A762}.Release|ARM.ActiveCfg = Release|ARM
		{6DFB2B8E-F3E3-4F8C-92C9-0C1E1132A762}.Release|ARM.Build.0 = Release|ARM
		{6DFB2B8E-F3E3-4F8C-92C9-0C1E1132A762}.Release|ARM.Deploy.0 = Release|ARM
		{6DFB2B8E-F3E3-4F8C-92C9-0C1E1132A762}.Release|x64.ActiveCfg = Release|x64
		{6DFB2B8E-F3E3-4F8C-92C9-0C1E1132A762}.Release|x64.Build.0 = Release|x64
		{6DFB2B8E-F3E3-4F8C-92C9-0C1E1132A762}.Release|x64.Deploy.0 = Release|x64
		{6DFB2B8E-F3E3-4F8C-92C9-0C1E1132A762}.Release|x86.ActiveCfg = Release|x86
		{6DFB2B8E-F3E3-4F8C-92C9-0C1E1132A762}.Release|x86.Build.0 = Release|x86
		{6DFB2B8E-F3E3-4F8C-92C9-0C1E1132A762}.Release|x86.Deploy.0 = Release|x86
		{3AAD7EE2-9A9F-40A7-827E-5A66D35D6BB2}.Debug|Any CPU.ActiveCfg = Debug|Any CPU
		{3AAD7EE2-9A9F-40A7-827E-5A66D35D6BB2}.Debug|Any CPU.Build.0 = Debug|Any CPU
		{3AAD7EE2-9A9F-40A7-827E-5A66D35D6BB2}.Debug|ARM.ActiveCfg = Debug|ARM
		{3AAD7EE2-9A9F-40A7-827E-5A66D35D6BB2}.Debug|ARM.Build.0 = Debug|ARM
		{3AAD7EE2-9A9F-40A7-827E-5A66D35D6BB2}.Debug|x64.ActiveCfg = Debug|x64
		{3AAD7EE2-9A9F-40A7-827E-5A66D35D6BB2}.Debug|x64.Build.0 = Debug|x64
		{3AAD7EE2-9A9F-40A7-827E-5A66D35D6BB2}.Debug|x86.ActiveCfg = Debug|x86
		{3AAD7EE2-9A9F-40A7-827E-5A66D35D6BB2}.Debug|x86.Build.0 = Debug|x86
		{3AAD7EE2-9A9F-40A7-827E-5A66D35D6BB2}.Release|Any CPU.ActiveCfg = Release|Any CPU
		{3AAD7EE2-9A9F-40A7-827E-5A66D35D6BB2}.Release|Any CPU.Build.0 = Release|Any CPU
		{3AAD7EE2-9A9F-40A7-827E-5A66D35D6BB2}.Release|ARM.ActiveCfg = Release|ARM
		{3AAD7EE2-9A9F-40A7-827E-5A66D35D6BB2}.Release|ARM.Build.0 = Release|ARM
		{3AAD7EE2-9A9F-40A7-827E-5A66D35D6BB2}.Release|x64.ActiveCfg = Release|x64
		{3AAD7EE2-9A9F-40A7-827E-5A66D35D6BB2}.Release|x64.Build.0 = Release|x64
		{3AAD7EE2-9A9F-40A7-827E-5A66D35D6BB2}.Release|x86.ActiveCfg = Release|x86
		{3AAD7EE2-9A9F-40A7-827E-5A66D35D6BB2}.Release|x86.Build.0 = Release|x86
		{1A4EEE1F-24D7-4B80-9A0F-B57D11B6FF2F}.Debug|Any CPU.ActiveCfg = Debug|Any CPU
		{1A4EEE1F-24D7-4B80-9A0F-B57D11B6FF2F}.Debug|Any CPU.Build.0 = Debug|Any CPU
		{1A4EEE1F-24D7-4B80-9A0F-B57D11B6FF2F}.Debug|ARM.ActiveCfg = Debug|ARM
		{1A4EEE1F-24D7-4B80-9A0F-B57D11B6FF2F}.Debug|ARM.Build.0 = Debug|ARM
		{1A4EEE1F-24D7-4B80-9A0F-B57D11B6FF2F}.Debug|x64.ActiveCfg = Debug|x64
		{1A4EEE1F-24D7-4B80-9A0F-B57D11B6FF2F}.Debug|x64.Build.0 = Debug|x64
		{1A4EEE1F-24D7-4B80-9A0F-B57D11B6FF2F}.Debug|x86.ActiveCfg = Debug|x86
		{1A4EEE1F-24D7-4B80-9A0F-B57D11B6FF2F}.Debug|x86.Build.0 = Debug|x86
		{1A4EEE1F-24D7-4B80-9A0F-B57D11B6FF2F}.Release|Any CPU.ActiveCfg = Release|Any CPU
		{1A4EEE1F-24D7-4B80-9A0F-B57D11B6FF2F}.Release|Any CPU.Build.0 = Release|Any CPU
		{1A4EEE1F-24D7-4B80-9A0F-B57D11B6FF2F}.Release|ARM.ActiveCfg = Release|ARM
		{1A4EEE1F-24D7-4B80-9A0F-B57D11B6FF2F}.Release|ARM.Build.0 = Release|ARM
		{1A4EEE1F-24D7-4B80-9A0F-B57D11B6FF2F}.Release|x64.ActiveCfg = Release|x64
		{1A4EEE1F-24D7-4B80-9A0F-B57D11B6FF2F}.Release|x64.Build.0 = Release|x64
		{1A4EEE1F-24D7-4B80-9A0F-B57D11B6FF2F}.Release|x86.ActiveCfg = Release|x86
		{1A4EEE1F-24D7-4B80-9A0F-B57D11B6FF2F}.Release|x86.Build.0 = Release|x86
		{B47A397A-A82B-4458-A5EF-B0BB97C4FE7B}.Debug|Any CPU.ActiveCfg = Debug|Any CPU
		{B47A397A-A82B-4458-A5EF-B0BB97C4FE7B}.Debug|Any CPU.Build.0 = Debug|Any CPU
		{B47A397A-A82B-4458-A5EF-B0BB97C4FE7B}.Debug|ARM.ActiveCfg = Debug|ARM
		{B47A397A-A82B-4458-A5EF-B0BB97C4FE7B}.Debug|ARM.Build.0 = Debug|ARM
		{B47A397A-A82B-4458-A5EF-B0BB97C4FE7B}.Debug|x64.ActiveCfg = Debug|x64
		{B47A397A-A82B-4458-A5EF-B0BB97C4FE7B}.Debug|x64.Build.0 = Debug|x64
		{B47A397A-A82B-4458-A5EF-B0BB97C4FE7B}.Debug|x86.ActiveCfg = Debug|x86
		{B47A397A-A82B-4458-A5EF-B0BB97C4FE7B}.Debug|x86.Build.0 = Debug|x86
		{B47A397A-A82B-4458-A5EF-B0BB97C4FE7B}.Release|Any CPU.ActiveCfg = Release|Any CPU
		{B47A397A-A82B-4458-A5EF-B0BB97C4FE7B}.Release|Any CPU.Build.0 = Release|Any CPU
		{B47A397A-A82B-4458-A5EF-B0BB97C4FE7B}.Release|ARM.ActiveCfg = Release|ARM
		{B47A397A-A82B-4458-A5EF-B0BB97C4FE7B}.Release|ARM.Build.0 = Release|ARM
		{B47A397A-A82B-4458-A5EF-B0BB97C4FE7B}.Release|x64.ActiveCfg = Release|x64
		{B47A397A-A82B-4458-A5EF-B0BB97C4FE7B}.Release|x64.Build.0 = Release|x64
		{B47A397A-A82B-4458-A5EF-B0BB97C4FE7B}.Release|x86.ActiveCfg = Release|x86
		{B47A397A-A82B-4458-A5EF-B0BB97C4FE7B}.Release|x86.Build.0 = Release|x86
		{AC49E91A-F1E9-49C5-B023-22FA22C3CA80}.Debug|Any CPU.ActiveCfg = Debug|Any CPU
		{AC49E91A-F1E9-49C5-B023-22FA22C3CA80}.Debug|Any CPU.Build.0 = Debug|Any CPU
		{AC49E91A-F1E9-49C5-B023-22FA22C3CA80}.Debug|ARM.ActiveCfg = Debug|ARM
		{AC49E91A-F1E9-49C5-B023-22FA22C3CA80}.Debug|ARM.Build.0 = Debug|ARM
		{AC49E91A-F1E9-49C5-B023-22FA22C3CA80}.Debug|x64.ActiveCfg = Debug|x64
		{AC49E91A-F1E9-49C5-B023-22FA22C3CA80}.Debug|x64.Build.0 = Debug|x64
		{AC49E91A-F1E9-49C5-B023-22FA22C3CA80}.Debug|x86.ActiveCfg = Debug|x86
		{AC49E91A-F1E9-49C5-B023-22FA22C3CA80}.Debug|x86.Build.0 = Debug|x86
		{AC49E91A-F1E9-49C5-B023-22FA22C3CA80}.Release|Any CPU.ActiveCfg = Release|Any CPU
		{AC49E91A-F1E9-49C5-B023-22FA22C3CA80}.Release|Any CPU.Build.0 = Release|Any CPU
		{AC49E91A-F1E9-49C5-B023-22FA22C3CA80}.Release|ARM.ActiveCfg = Release|ARM
		{AC49E91A-F1E9-49C5-B023-22FA22C3CA80}.Release|ARM.Build.0 = Release|ARM
		{AC49E91A-F1E9-49C5-B023-22FA22C3CA80}.Release|x64.ActiveCfg = Release|x64
		{AC49E91A-F1E9-49C5-B023-22FA22C3CA80}.Release|x64.Build.0 = Release|x64
		{AC49E91A-F1E9-49C5-B023-22FA22C3CA80}.Release|x86.ActiveCfg = Release|x86
		{AC49E91A-F1E9-49C5-B023-22FA22C3CA80}.Release|x86.Build.0 = Release|x86
	EndGlobalSection
	GlobalSection(SolutionProperties) = preSolution
		HideSolutionNode = FALSE
	EndGlobalSection
	GlobalSection(NestedProjects) = preSolution
		{3AAD7EE2-9A9F-40A7-827E-5A66D35D6BB2} = {B4A499C9-C001-49E1-ADE1-375B5948EC94}
		{1A4EEE1F-24D7-4B80-9A0F-B57D11B6FF2F} = {B4A499C9-C001-49E1-ADE1-375B5948EC94}
		{B47A397A-A82B-4458-A5EF-B0BB97C4FE7B} = {B4A499C9-C001-49E1-ADE1-375B5948EC94}
		{AC49E91A-F1E9-49C5-B023-22FA22C3CA80} = {B4A499C9-C001-49E1-ADE1-375B5948EC94}
	EndGlobalSection
EndGlobal
